<Solution>
  <Folder Name="/docs/">
    <Project Path="docs/Deja.Docs/Deja.Docs.csproj" />
    <Project Path="docs/Deja.Docs.Seo/Deja.Docs.Seo.csproj" />
  </Folder>
  <Folder Name="/src/">
    <Project Path="src/Deja/Deja.csproj" />
  </Folder>
  <Folder Name="/tests/">
    <Project Path="tests/Deja.Tests/Deja.Tests.csproj" />
  </Folder>
</Solution>
